// !$*UTF8*$!
{
	archiveVersion = 1;
	classes = {
	};
	objectVersion = 56;
	objects = {

/* Begin PBXBuildFile section */
		812A3C542BA0D37A00E2414C /* BigButton.swift in Sources */ = {isa = PBXBuildFile; fileRef = 812A3C532BA0D37A00E2414C /* BigButton.swift */; };
		812A3C562BA0D94900E2414C /* LoginView.swift in Sources */ = {isa = PBXBuildFile; fileRef = 812A3C552BA0D94900E2414C /* LoginView.swift */; };
		812FAAFF2BA3261700891699 /* MainViewModel.swift in Sources */ = {isa = PBXBuildFile; fileRef = 812FAAFE2BA3261700891699 /* MainViewModel.swift */; };
		812FAB012BA3296300891699 /* ProductListView.swift in Sources */ = {isa = PBXBuildFile; fileRef = 812FAB002BA3296300891699 /* ProductListView.swift */; };
		812FAB032BA32ADF00891699 /* ProfileView.swift in Sources */ = {isa = PBXBuildFile; fileRef = 812FAB022BA32ADF00891699 /* ProfileView.swift */; };
		812FAB052BA32C2500891699 /* ProfileViewModel.swift in Sources */ = {isa = PBXBuildFile; fileRef = 812FAB042BA32C2500891699 /* ProfileViewModel.swift */; };
		812FAB082BA3347A00891699 /* SplineRuntime in Frameworks */ = {isa = PBXBuildFile; productRef = 812FAB072BA3347A00891699 /* SplineRuntime */; };
		812FAB0E2BA33D1C00891699 /* avatar_copy.splineswift in Resources */ = {isa = PBXBuildFile; fileRef = 812FAB0D2BA33D1B00891699 /* avatar_copy.splineswift */; };
		814604672BA2217300F3F521 /* LoginViewModel.swift in Sources */ = {isa = PBXBuildFile; fileRef = 814604662BA2217300F3F521 /* LoginViewModel.swift */; };
		814604692BA2231200F3F521 /* RegisterViewModel.swift in Sources */ = {isa = PBXBuildFile; fileRef = 814604682BA2231200F3F521 /* RegisterViewModel.swift */; };
		8146046B2BA2237400F3F521 /* Extensions.swift in Sources */ = {isa = PBXBuildFile; fileRef = 8146046A2BA2237400F3F521 /* Extensions.swift */; };
		81525DD42BA4A0B50015A52F /* CameraView.swift in Sources */ = {isa = PBXBuildFile; fileRef = 81525DD32BA4A0B50015A52F /* CameraView.swift */; };
		81525DD62BA4A54E0015A52F /* ProductListViewModel.swift in Sources */ = {isa = PBXBuildFile; fileRef = 81525DD52BA4A54E0015A52F /* ProductListViewModel.swift */; };
		8166D7FF2BA4AC9F0086A30C /* Resnet50.mlmodel in Sources */ = {isa = PBXBuildFile; fileRef = 8166D7FE2BA4AC9F0086A30C /* Resnet50.mlmodel */; };
		819942F32BA4AD7F00553934 /* PhotoView.swift in Sources */ = {isa = PBXBuildFile; fileRef = 819942F22BA4AD7F00553934 /* PhotoView.swift */; };
		819942F52BA4ADBA00553934 /* PhotoViewModel.swift in Sources */ = {isa = PBXBuildFile; fileRef = 819942F42BA4ADBA00553934 /* PhotoViewModel.swift */; };
		81D927002BA0B9730083E648 /* Capstone_ProjectApp.swift in Sources */ = {isa = PBXBuildFile; fileRef = 81D926FF2BA0B9730083E648 /* Capstone_ProjectApp.swift */; };
		81D927022BA0B9730083E648 /* MainView.swift in Sources */ = {isa = PBXBuildFile; fileRef = 81D927012BA0B9730083E648 /* MainView.swift */; };
		81D927042BA0B9740083E648 /* Assets.xcassets in Resources */ = {isa = PBXBuildFile; fileRef = 81D927032BA0B9740083E648 /* Assets.xcassets */; };
		81D927072BA0B9740083E648 /* Preview Assets.xcassets in Resources */ = {isa = PBXBuildFile; fileRef = 81D927062BA0B9740083E648 /* Preview Assets.xcassets */; };
		81D9270E2BA0BB3A0083E648 /* GoogleService-Info.plist in Resources */ = {isa = PBXBuildFile; fileRef = 81D9270D2BA0BB3A0083E648 /* GoogleService-Info.plist */; };
		81D927112BA0BBEB0083E648 /* FirebaseAnalytics in Frameworks */ = {isa = PBXBuildFile; productRef = 81D927102BA0BBEB0083E648 /* FirebaseAnalytics */; };
		81D927132BA0BBEB0083E648 /* FirebaseAnalyticsOnDeviceConversion in Frameworks */ = {isa = PBXBuildFile; productRef = 81D927122BA0BBEB0083E648 /* FirebaseAnalyticsOnDeviceConversion */; };
		81D927152BA0BBEB0083E648 /* FirebaseAnalyticsSwift in Frameworks */ = {isa = PBXBuildFile; productRef = 81D927142BA0BBEB0083E648 /* FirebaseAnalyticsSwift */; };
		81D927172BA0BBEB0083E648 /* FirebaseAppCheck in Frameworks */ = {isa = PBXBuildFile; productRef = 81D927162BA0BBEB0083E648 /* FirebaseAppCheck */; };
		81D927192BA0BBEB0083E648 /* FirebaseAuth in Frameworks */ = {isa = PBXBuildFile; productRef = 81D927182BA0BBEB0083E648 /* FirebaseAuth */; };
		81D9271B2BA0BBEB0083E648 /* FirebaseAuthCombine-Community in Frameworks */ = {isa = PBXBuildFile; productRef = 81D9271A2BA0BBEB0083E648 /* FirebaseAuthCombine-Community */; };
		81D9271D2BA0BBEB0083E648 /* FirebaseDatabase in Frameworks */ = {isa = PBXBuildFile; productRef = 81D9271C2BA0BBEB0083E648 /* FirebaseDatabase */; };
		81D9271F2BA0BBEB0083E648 /* FirebaseDatabaseSwift in Frameworks */ = {isa = PBXBuildFile; productRef = 81D9271E2BA0BBEB0083E648 /* FirebaseDatabaseSwift */; };
		81D927212BA0BBEB0083E648 /* FirebaseDynamicLinks in Frameworks */ = {isa = PBXBuildFile; productRef = 81D927202BA0BBEB0083E648 /* FirebaseDynamicLinks */; };
		81D927232BA0BBEB0083E648 /* FirebaseFirestore in Frameworks */ = {isa = PBXBuildFile; productRef = 81D927222BA0BBEB0083E648 /* FirebaseFirestore */; };
		81D927252BA0BBEB0083E648 /* FirebaseFirestoreCombine-Community in Frameworks */ = {isa = PBXBuildFile; productRef = 81D927242BA0BBEB0083E648 /* FirebaseFirestoreCombine-Community */; };
		81D927272BA0BBEB0083E648 /* FirebaseFirestoreSwift in Frameworks */ = {isa = PBXBuildFile; productRef = 81D927262BA0BBEB0083E648 /* FirebaseFirestoreSwift */; };
		81D927292BA0BBEB0083E648 /* FirebaseFunctions in Frameworks */ = {isa = PBXBuildFile; productRef = 81D927282BA0BBEB0083E648 /* FirebaseFunctions */; };
		81D9272B2BA0BBEB0083E648 /* FirebaseInstallations in Frameworks */ = {isa = PBXBuildFile; productRef = 81D9272A2BA0BBEB0083E648 /* FirebaseInstallations */; };
		81D9272D2BA0BBEB0083E648 /* FirebasePerformance in Frameworks */ = {isa = PBXBuildFile; productRef = 81D9272C2BA0BBEB0083E648 /* FirebasePerformance */; };
		81D9272F2BA0BBEB0083E648 /* FirebaseStorage in Frameworks */ = {isa = PBXBuildFile; productRef = 81D9272E2BA0BBEB0083E648 /* FirebaseStorage */; };
		81D927312BA0BBEB0083E648 /* FirebaseStorageCombine-Community in Frameworks */ = {isa = PBXBuildFile; productRef = 81D927302BA0BBEB0083E648 /* FirebaseStorageCombine-Community */; };
		81E6AE832BA0CA8F0005BBE6 /* User.swift in Sources */ = {isa = PBXBuildFile; fileRef = 81E6AE822BA0CA8F0005BBE6 /* User.swift */; };
		81E6AE852BA0CAA30005BBE6 /* TVItem.swift in Sources */ = {isa = PBXBuildFile; fileRef = 81E6AE842BA0CAA30005BBE6 /* TVItem.swift */; };
		81E6AE872BA0CB520005BBE6 /* RegisterView.swift in Sources */ = {isa = PBXBuildFile; fileRef = 81E6AE862BA0CB520005BBE6 /* RegisterView.swift */; };
		81E6AE8A2BA0CF690005BBE6 /* GradiantBackground.swift in Sources */ = {isa = PBXBuildFile; fileRef = 81E6AE892BA0CF690005BBE6 /* GradiantBackground.swift */; };
		81E6AE8C2BA0D0220005BBE6 /* MotionAnimationView.swift in Sources */ = {isa = PBXBuildFile; fileRef = 81E6AE8B2BA0D0220005BBE6 /* MotionAnimationView.swift */; };
		81E6AE8E2BA0D1F60005BBE6 /* Logo.swift in Sources */ = {isa = PBXBuildFile; fileRef = 81E6AE8D2BA0D1F60005BBE6 /* Logo.swift */; };
/* End PBXBuildFile section */

/* Begin PBXFileReference section */
		812A3C532BA0D37A00E2414C /* BigButton.swift */ = {isa = PBXFileReference; lastKnownFileType = sourcecode.swift; path = BigButton.swift; sourceTree = "<group>"; };
		812A3C552BA0D94900E2414C /* LoginView.swift */ = {isa = PBXFileReference; lastKnownFileType = sourcecode.swift; path = LoginView.swift; sourceTree = "<group>"; };
		812FAAFE2BA3261700891699 /* MainViewModel.swift */ = {isa = PBXFileReference; lastKnownFileType = sourcecode.swift; path = MainViewModel.swift; sourceTree = "<group>"; };
		812FAB002BA3296300891699 /* ProductListView.swift */ = {isa = PBXFileReference; lastKnownFileType = sourcecode.swift; path = ProductListView.swift; sourceTree = "<group>"; };
		812FAB022BA32ADF00891699 /* ProfileView.swift */ = {isa = PBXFileReference; lastKnownFileType = sourcecode.swift; path = ProfileView.swift; sourceTree = "<group>"; };
		812FAB042BA32C2500891699 /* ProfileViewModel.swift */ = {isa = PBXFileReference; lastKnownFileType = sourcecode.swift; path = ProfileViewModel.swift; sourceTree = "<group>"; };
		812FAB0D2BA33D1B00891699 /* avatar_copy.splineswift */ = {isa = PBXFileReference; lastKnownFileType = file; path = avatar_copy.splineswift; sourceTree = "<group>"; };
		814604662BA2217300F3F521 /* LoginViewModel.swift */ = {isa = PBXFileReference; lastKnownFileType = sourcecode.swift; path = LoginViewModel.swift; sourceTree = "<group>"; };
		814604682BA2231200F3F521 /* RegisterViewModel.swift */ = {isa = PBXFileReference; lastKnownFileType = sourcecode.swift; path = RegisterViewModel.swift; sourceTree = "<group>"; };
		8146046A2BA2237400F3F521 /* Extensions.swift */ = {isa = PBXFileReference; lastKnownFileType = sourcecode.swift; path = Extensions.swift; sourceTree = "<group>"; };
		81525DD32BA4A0B50015A52F /* CameraView.swift */ = {isa = PBXFileReference; lastKnownFileType = sourcecode.swift; name = CameraView.swift; path = "Capstone Project/Components/CameraView.swift"; sourceTree = SOURCE_ROOT; };
		81525DD52BA4A54E0015A52F /* ProductListViewModel.swift */ = {isa = PBXFileReference; lastKnownFileType = sourcecode.swift; path = ProductListViewModel.swift; sourceTree = "<group>"; };
		8166D7FE2BA4AC9F0086A30C /* Resnet50.mlmodel */ = {isa = PBXFileReference; lastKnownFileType = file.mlmodel; path = Resnet50.mlmodel; sourceTree = "<group>"; };
		819942F22BA4AD7F00553934 /* PhotoView.swift */ = {isa = PBXFileReference; lastKnownFileType = sourcecode.swift; path = PhotoView.swift; sourceTree = "<group>"; };
		819942F42BA4ADBA00553934 /* PhotoViewModel.swift */ = {isa = PBXFileReference; lastKnownFileType = sourcecode.swift; path = PhotoViewModel.swift; sourceTree = "<group>"; };
		81D926FC2BA0B9730083E648 /* Capstone Project.app */ = {isa = PBXFileReference; explicitFileType = wrapper.application; includeInIndex = 0; path = "Capstone Project.app"; sourceTree = BUILT_PRODUCTS_DIR; };
		81D926FF2BA0B9730083E648 /* Capstone_ProjectApp.swift */ = {isa = PBXFileReference; lastKnownFileType = sourcecode.swift; path = Capstone_ProjectApp.swift; sourceTree = "<group>"; };
		81D927012BA0B9730083E648 /* MainView.swift */ = {isa = PBXFileReference; lastKnownFileType = sourcecode.swift; path = MainView.swift; sourceTree = "<group>"; };
		81D927032BA0B9740083E648 /* Assets.xcassets */ = {isa = PBXFileReference; lastKnownFileType = folder.assetcatalog; path = Assets.xcassets; sourceTree = "<group>"; };
		81D927062BA0B9740083E648 /* Preview Assets.xcassets */ = {isa = PBXFileReference; lastKnownFileType = folder.assetcatalog; path = "Preview Assets.xcassets"; sourceTree = "<group>"; };
		81D9270D2BA0BB3A0083E648 /* GoogleService-Info.plist */ = {isa = PBXFileReference; fileEncoding = 4; lastKnownFileType = text.plist.xml; path = "GoogleService-Info.plist"; sourceTree = "<group>"; };
		81E6AE822BA0CA8F0005BBE6 /* User.swift */ = {isa = PBXFileReference; lastKnownFileType = sourcecode.swift; path = User.swift; sourceTree = "<group>"; };
		81E6AE842BA0CAA30005BBE6 /* TVItem.swift */ = {isa = PBXFileReference; lastKnownFileType = sourcecode.swift; path = TVItem.swift; sourceTree = "<group>"; };
		81E6AE862BA0CB520005BBE6 /* RegisterView.swift */ = {isa = PBXFileReference; lastKnownFileType = sourcecode.swift; path = RegisterView.swift; sourceTree = "<group>"; };
		81E6AE892BA0CF690005BBE6 /* GradiantBackground.swift */ = {isa = PBXFileReference; lastKnownFileType = sourcecode.swift; path = GradiantBackground.swift; sourceTree = "<group>"; };
		81E6AE8B2BA0D0220005BBE6 /* MotionAnimationView.swift */ = {isa = PBXFileReference; lastKnownFileType = sourcecode.swift; path = MotionAnimationView.swift; sourceTree = "<group>"; };
		81E6AE8D2BA0D1F60005BBE6 /* Logo.swift */ = {isa = PBXFileReference; lastKnownFileType = sourcecode.swift; path = Logo.swift; sourceTree = "<group>"; };
/* End PBXFileReference section */

/* Begin PBXFrameworksBuildPhase section */
		81D926F92BA0B9730083E648 /* Frameworks */ = {
			isa = PBXFrameworksBuildPhase;
			buildActionMask = 2147483647;
			files = (
				81D9271F2BA0BBEB0083E648 /* FirebaseDatabaseSwift in Frameworks */,
				81D9272B2BA0BBEB0083E648 /* FirebaseInstallations in Frameworks */,
				81D9272D2BA0BBEB0083E648 /* FirebasePerformance in Frameworks */,
				81D927172BA0BBEB0083E648 /* FirebaseAppCheck in Frameworks */,
				81D9271B2BA0BBEB0083E648 /* FirebaseAuthCombine-Community in Frameworks */,
				81D9272F2BA0BBEB0083E648 /* FirebaseStorage in Frameworks */,
				81D927312BA0BBEB0083E648 /* FirebaseStorageCombine-Community in Frameworks */,
				81D927232BA0BBEB0083E648 /* FirebaseFirestore in Frameworks */,
				81D927192BA0BBEB0083E648 /* FirebaseAuth in Frameworks */,
				81D927252BA0BBEB0083E648 /* FirebaseFirestoreCombine-Community in Frameworks */,
				812FAB082BA3347A00891699 /* SplineRuntime in Frameworks */,
				81D927152BA0BBEB0083E648 /* FirebaseAnalyticsSwift in Frameworks */,
				81D927212BA0BBEB0083E648 /* FirebaseDynamicLinks in Frameworks */,
				81D927112BA0BBEB0083E648 /* FirebaseAnalytics in Frameworks */,
				81D927292BA0BBEB0083E648 /* FirebaseFunctions in Frameworks */,
				81D9271D2BA0BBEB0083E648 /* FirebaseDatabase in Frameworks */,
				81D927132BA0BBEB0083E648 /* FirebaseAnalyticsOnDeviceConversion in Frameworks */,
				81D927272BA0BBEB0083E648 /* FirebaseFirestoreSwift in Frameworks */,
			);
			runOnlyForDeploymentPostprocessing = 0;
		};
/* End PBXFrameworksBuildPhase section */

/* Begin PBXGroup section */
		81D926F32BA0B9730083E648 = {
			isa = PBXGroup;
			children = (
				81D926FE2BA0B9730083E648 /* Capstone Project */,
				81D926FD2BA0B9730083E648 /* Products */,
			);
			sourceTree = "<group>";
		};
		81D926FD2BA0B9730083E648 /* Products */ = {
			isa = PBXGroup;
			children = (
				81D926FC2BA0B9730083E648 /* Capstone Project.app */,
			);
			name = Products;
			sourceTree = "<group>";
		};
		81D926FE2BA0B9730083E648 /* Capstone Project */ = {
			isa = PBXGroup;
			children = (
				812FAB0D2BA33D1B00891699 /* avatar_copy.splineswift */,
				8166D7FE2BA4AC9F0086A30C /* Resnet50.mlmodel */,
				81E6AE882BA0CB590005BBE6 /* Components */,
				81D927352BA0BC370083E648 /* ViewModels */,
				81D927342BA0BC2C0083E648 /* Models */,
				81D927332BA0BC210083E648 /* Views */,
				81D927322BA0BC030083E648 /* Others */,
				81D9270D2BA0BB3A0083E648 /* GoogleService-Info.plist */,
				81D927052BA0B9740083E648 /* Preview Content */,
			);
			path = "Capstone Project";
			sourceTree = "<group>";
		};
		81D927052BA0B9740083E648 /* Preview Content */ = {
			isa = PBXGroup;
			children = (
				81D927062BA0B9740083E648 /* Preview Assets.xcassets */,
			);
			path = "Preview Content";
			sourceTree = "<group>";
		};
		81D927322BA0BC030083E648 /* Others */ = {
			isa = PBXGroup;
			children = (
				81D926FF2BA0B9730083E648 /* Capstone_ProjectApp.swift */,
				81D927032BA0B9740083E648 /* Assets.xcassets */,
				8146046A2BA2237400F3F521 /* Extensions.swift */,
			);
			path = Others;
			sourceTree = "<group>";
		};
		81D927332BA0BC210083E648 /* Views */ = {
			isa = PBXGroup;
			children = (
				81D927012BA0B9730083E648 /* MainView.swift */,
				81E6AE862BA0CB520005BBE6 /* RegisterView.swift */,
				812A3C552BA0D94900E2414C /* LoginView.swift */,
				812FAB002BA3296300891699 /* ProductListView.swift */,
				812FAB022BA32ADF00891699 /* ProfileView.swift */,
				819942F22BA4AD7F00553934 /* PhotoView.swift */,
			);
			path = Views;
			sourceTree = "<group>";
		};
		81D927342BA0BC2C0083E648 /* Models */ = {
			isa = PBXGroup;
			children = (
				81E6AE822BA0CA8F0005BBE6 /* User.swift */,
				81E6AE842BA0CAA30005BBE6 /* TVItem.swift */,
			);
			path = Models;
			sourceTree = "<group>";
		};
		81D927352BA0BC370083E648 /* ViewModels */ = {
			isa = PBXGroup;
			children = (
				814604662BA2217300F3F521 /* LoginViewModel.swift */,
				814604682BA2231200F3F521 /* RegisterViewModel.swift */,
				812FAAFE2BA3261700891699 /* MainViewModel.swift */,
				812FAB042BA32C2500891699 /* ProfileViewModel.swift */,
				81525DD52BA4A54E0015A52F /* ProductListViewModel.swift */,
				819942F42BA4ADBA00553934 /* PhotoViewModel.swift */,
			);
			path = ViewModels;
			sourceTree = "<group>";
		};
		81E6AE882BA0CB590005BBE6 /* Components */ = {
			isa = PBXGroup;
			children = (
				81E6AE892BA0CF690005BBE6 /* GradiantBackground.swift */,
				81E6AE8B2BA0D0220005BBE6 /* MotionAnimationView.swift */,
				81E6AE8D2BA0D1F60005BBE6 /* Logo.swift */,
				812A3C532BA0D37A00E2414C /* BigButton.swift */,
				81525DD32BA4A0B50015A52F /* CameraView.swift */,
			);
			path = Components;
			sourceTree = "<group>";
		};
/* End PBXGroup section */

/* Begin PBXNativeTarget section */
		81D926FB2BA0B9730083E648 /* Capstone Project */ = {
			isa = PBXNativeTarget;
			buildConfigurationList = 81D9270A2BA0B9740083E648 /* Build configuration list for PBXNativeTarget "Capstone Project" */;
			buildPhases = (
				81D926F82BA0B9730083E648 /* Sources */,
				81D926F92BA0B9730083E648 /* Frameworks */,
				81D926FA2BA0B9730083E648 /* Resources */,
			);
			buildRules = (
			);
			dependencies = (
			);
			name = "Capstone Project";
			packageProductDependencies = (
				81D927102BA0BBEB0083E648 /* FirebaseAnalytics */,
				81D927122BA0BBEB0083E648 /* FirebaseAnalyticsOnDeviceConversion */,
				81D927142BA0BBEB0083E648 /* FirebaseAnalyticsSwift */,
				81D927162BA0BBEB0083E648 /* FirebaseAppCheck */,
				81D927182BA0BBEB0083E648 /* FirebaseAuth */,
				81D9271A2BA0BBEB0083E648 /* FirebaseAuthCombine-Community */,
				81D9271C2BA0BBEB0083E648 /* FirebaseDatabase */,
				81D9271E2BA0BBEB0083E648 /* FirebaseDatabaseSwift */,
				81D927202BA0BBEB0083E648 /* FirebaseDynamicLinks */,
				81D927222BA0BBEB0083E648 /* FirebaseFirestore */,
				81D927242BA0BBEB0083E648 /* FirebaseFirestoreCombine-Community */,
				81D927262BA0BBEB0083E648 /* FirebaseFirestoreSwift */,
				81D927282BA0BBEB0083E648 /* FirebaseFunctions */,
				81D9272A2BA0BBEB0083E648 /* FirebaseInstallations */,
				81D9272C2BA0BBEB0083E648 /* FirebasePerformance */,
				81D9272E2BA0BBEB0083E648 /* FirebaseStorage */,
				81D927302BA0BBEB0083E648 /* FirebaseStorageCombine-Community */,
				812FAB072BA3347A00891699 /* SplineRuntime */,
			);
			productName = "Capstone Project";
			productReference = 81D926FC2BA0B9730083E648 /* Capstone Project.app */;
			productType = "com.apple.product-type.application";
		};
/* End PBXNativeTarget section */

/* Begin PBXProject section */
		81D926F42BA0B9730083E648 /* Project object */ = {
			isa = PBXProject;
			attributes = {
				BuildIndependentTargetsInParallel = 1;
				LastSwiftUpdateCheck = 1530;
				LastUpgradeCheck = 1530;
				TargetAttributes = {
					81D926FB2BA0B9730083E648 = {
						CreatedOnToolsVersion = 15.3;
					};
				};
			};
			buildConfigurationList = 81D926F72BA0B9730083E648 /* Build configuration list for PBXProject "Capstone Project" */;
			compatibilityVersion = "Xcode 14.0";
			developmentRegion = en;
			hasScannedForEncodings = 0;
			knownRegions = (
				en,
				Base,
			);
			mainGroup = 81D926F32BA0B9730083E648;
			packageReferences = (
				81D9270F2BA0BBEB0083E648 /* XCRemoteSwiftPackageReference "firebase-ios-sdk" */,
				812FAB062BA3347A00891699 /* XCRemoteSwiftPackageReference "spline-ios" */,
			);
			productRefGroup = 81D926FD2BA0B9730083E648 /* Products */;
			projectDirPath = "";
			projectRoot = "";
			targets = (
				81D926FB2BA0B9730083E648 /* Capstone Project */,
			);
		};
/* End PBXProject section */

/* Begin PBXResourcesBuildPhase section */
		81D926FA2BA0B9730083E648 /* Resources */ = {
			isa = PBXResourcesBuildPhase;
			buildActionMask = 2147483647;
			files = (
				81D927072BA0B9740083E648 /* Preview Assets.xcassets in Resources */,
				81D927042BA0B9740083E648 /* Assets.xcassets in Resources */,
				812FAB0E2BA33D1C00891699 /* avatar_copy.splineswift in Resources */,
				81D9270E2BA0BB3A0083E648 /* GoogleService-Info.plist in Resources */,
			);
			runOnlyForDeploymentPostprocessing = 0;
		};
/* End PBXResourcesBuildPhase section */

/* Begin PBXSourcesBuildPhase section */
		81D926F82BA0B9730083E648 /* Sources */ = {
			isa = PBXSourcesBuildPhase;
			buildActionMask = 2147483647;
			files = (
				81E6AE852BA0CAA30005BBE6 /* TVItem.swift in Sources */,
				819942F52BA4ADBA00553934 /* PhotoViewModel.swift in Sources */,
				81E6AE872BA0CB520005BBE6 /* RegisterView.swift in Sources */,
				814604672BA2217300F3F521 /* LoginViewModel.swift in Sources */,
				81525DD42BA4A0B50015A52F /* CameraView.swift in Sources */,
				81E6AE8A2BA0CF690005BBE6 /* GradiantBackground.swift in Sources */,
				81D927022BA0B9730083E648 /* MainView.swift in Sources */,
				81E6AE8C2BA0D0220005BBE6 /* MotionAnimationView.swift in Sources */,
				81D927002BA0B9730083E648 /* Capstone_ProjectApp.swift in Sources */,
				812FAAFF2BA3261700891699 /* MainViewModel.swift in Sources */,
				819942F32BA4AD7F00553934 /* PhotoView.swift in Sources */,
				812FAB032BA32ADF00891699 /* ProfileView.swift in Sources */,
				8166D7FF2BA4AC9F0086A30C /* Resnet50.mlmodel in Sources */,
				814604692BA2231200F3F521 /* RegisterViewModel.swift in Sources */,
				812FAB012BA3296300891699 /* ProductListView.swift in Sources */,
				8146046B2BA2237400F3F521 /* Extensions.swift in Sources */,
				81E6AE8E2BA0D1F60005BBE6 /* Logo.swift in Sources */,
				812FAB052BA32C2500891699 /* ProfileViewModel.swift in Sources */,
				81E6AE832BA0CA8F0005BBE6 /* User.swift in Sources */,
				812A3C562BA0D94900E2414C /* LoginView.swift in Sources */,
				81525DD62BA4A54E0015A52F /* ProductListViewModel.swift in Sources */,
				812A3C542BA0D37A00E2414C /* BigButton.swift in Sources */,
			);
			runOnlyForDeploymentPostprocessing = 0;
		};
/* End PBXSourcesBuildPhase section */

/* Begin XCBuildConfiguration section */
		81D927082BA0B9740083E648 /* Debug */ = {
			isa = XCBuildConfiguration;
			buildSettings = {
				ALWAYS_SEARCH_USER_PATHS = NO;
				ASSETCATALOG_COMPILER_GENERATE_SWIFT_ASSET_SYMBOL_EXTENSIONS = YES;
				CLANG_ANALYZER_NONNULL = YES;
				CLANG_ANALYZER_NUMBER_OBJECT_CONVERSION = YES_AGGRESSIVE;
				CLANG_CXX_LANGUAGE_STANDARD = "gnu++20";
				CLANG_ENABLE_MODULES = YES;
				CLANG_ENABLE_OBJC_ARC = YES;
				CLANG_ENABLE_OBJC_WEAK = YES;
				CLANG_WARN_BLOCK_CAPTURE_AUTORELEASING = YES;
				CLANG_WARN_BOOL_CONVERSION = YES;
				CLANG_WARN_COMMA = YES;
				CLANG_WARN_CONSTANT_CONVERSION = YES;
				CLANG_WARN_DEPRECATED_OBJC_IMPLEMENTATIONS = YES;
				CLANG_WARN_DIRECT_OBJC_ISA_USAGE = YES_ERROR;
				CLANG_WARN_DOCUMENTATION_COMMENTS = YES;
				CLANG_WARN_EMPTY_BODY = YES;
				CLANG_WARN_ENUM_CONVERSION = YES;
				CLANG_WARN_INFINITE_RECURSION = YES;
				CLANG_WARN_INT_CONVERSION = YES;
				CLANG_WARN_NON_LITERAL_NULL_CONVERSION = YES;
				CLANG_WARN_OBJC_IMPLICIT_RETAIN_SELF = YES;
				CLANG_WARN_OBJC_LITERAL_CONVERSION = YES;
				CLANG_WARN_OBJC_ROOT_CLASS = YES_ERROR;
				CLANG_WARN_QUOTED_INCLUDE_IN_FRAMEWORK_HEADER = YES;
				CLANG_WARN_RANGE_LOOP_ANALYSIS = YES;
				CLANG_WARN_STRICT_PROTOTYPES = YES;
				CLANG_WARN_SUSPICIOUS_MOVE = YES;
				CLANG_WARN_UNGUARDED_AVAILABILITY = YES_AGGRESSIVE;
				CLANG_WARN_UNREACHABLE_CODE = YES;
				CLANG_WARN__DUPLICATE_METHOD_MATCH = YES;
				COPY_PHASE_STRIP = NO;
				DEBUG_INFORMATION_FORMAT = dwarf;
				ENABLE_STRICT_OBJC_MSGSEND = YES;
				ENABLE_TESTABILITY = YES;
				ENABLE_USER_SCRIPT_SANDBOXING = YES;
				GCC_C_LANGUAGE_STANDARD = gnu17;
				GCC_DYNAMIC_NO_PIC = NO;
				GCC_NO_COMMON_BLOCKS = YES;
				GCC_OPTIMIZATION_LEVEL = 0;
				GCC_PREPROCESSOR_DEFINITIONS = (
					"DEBUG=1",
					"$(inherited)",
				);
				GCC_WARN_64_TO_32_BIT_CONVERSION = YES;
				GCC_WARN_ABOUT_RETURN_TYPE = YES_ERROR;
				GCC_WARN_UNDECLARED_SELECTOR = YES;
				GCC_WARN_UNINITIALIZED_AUTOS = YES_AGGRESSIVE;
				GCC_WARN_UNUSED_FUNCTION = YES;
				GCC_WARN_UNUSED_VARIABLE = YES;
				IPHONEOS_DEPLOYMENT_TARGET = 17.4;
				LOCALIZATION_PREFERS_STRING_CATALOGS = YES;
				MTL_ENABLE_DEBUG_INFO = INCLUDE_SOURCE;
				MTL_FAST_MATH = YES;
				ONLY_ACTIVE_ARCH = YES;
				SDKROOT = iphoneos;
				SWIFT_ACTIVE_COMPILATION_CONDITIONS = "DEBUG $(inherited)";
				SWIFT_OPTIMIZATION_LEVEL = "-Onone";
			};
			name = Debug;
		};
		81D927092BA0B9740083E648 /* Release */ = {
			isa = XCBuildConfiguration;
			buildSettings = {
				ALWAYS_SEARCH_USER_PATHS = NO;
				ASSETCATALOG_COMPILER_GENERATE_SWIFT_ASSET_SYMBOL_EXTENSIONS = YES;
				CLANG_ANALYZER_NONNULL = YES;
				CLANG_ANALYZER_NUMBER_OBJECT_CONVERSION = YES_AGGRESSIVE;
				CLANG_CXX_LANGUAGE_STANDARD = "gnu++20";
				CLANG_ENABLE_MODULES = YES;
				CLANG_ENABLE_OBJC_ARC = YES;
				CLANG_ENABLE_OBJC_WEAK = YES;
				CLANG_WARN_BLOCK_CAPTURE_AUTORELEASING = YES;
				CLANG_WARN_BOOL_CONVERSION = YES;
				CLANG_WARN_COMMA = YES;
				CLANG_WARN_CONSTANT_CONVERSION = YES;
				CLANG_WARN_DEPRECATED_OBJC_IMPLEMENTATIONS = YES;
				CLANG_WARN_DIRECT_OBJC_ISA_USAGE = YES_ERROR;
				CLANG_WARN_DOCUMENTATION_COMMENTS = YES;
				CLANG_WARN_EMPTY_BODY = YES;
				CLANG_WARN_ENUM_CONVERSION = YES;
				CLANG_WARN_INFINITE_RECURSION = YES;
				CLANG_WARN_INT_CONVERSION = YES;
				CLANG_WARN_NON_LITERAL_NULL_CONVERSION = YES;
				CLANG_WARN_OBJC_IMPLICIT_RETAIN_SELF = YES;
				CLANG_WARN_OBJC_LITERAL_CONVERSION = YES;
				CLANG_WARN_OBJC_ROOT_CLASS = YES_ERROR;
				CLANG_WARN_QUOTED_INCLUDE_IN_FRAMEWORK_HEADER = YES;
				CLANG_WARN_RANGE_LOOP_ANALYSIS = YES;
				CLANG_WARN_STRICT_PROTOTYPES = YES;
				CLANG_WARN_SUSPICIOUS_MOVE = YES;
				CLANG_WARN_UNGUARDED_AVAILABILITY = YES_AGGRESSIVE;
				CLANG_WARN_UNREACHABLE_CODE = YES;
				CLANG_WARN__DUPLICATE_METHOD_MATCH = YES;
				COPY_PHASE_STRIP = NO;
				DEBUG_INFORMATION_FORMAT = "dwarf-with-dsym";
				ENABLE_NS_ASSERTIONS = NO;
				ENABLE_STRICT_OBJC_MSGSEND = YES;
				ENABLE_USER_SCRIPT_SANDBOXING = YES;
				GCC_C_LANGUAGE_STANDARD = gnu17;
				GCC_NO_COMMON_BLOCKS = YES;
				GCC_WARN_64_TO_32_BIT_CONVERSION = YES;
				GCC_WARN_ABOUT_RETURN_TYPE = YES_ERROR;
				GCC_WARN_UNDECLARED_SELECTOR = YES;
				GCC_WARN_UNINITIALIZED_AUTOS = YES_AGGRESSIVE;
				GCC_WARN_UNUSED_FUNCTION = YES;
				GCC_WARN_UNUSED_VARIABLE = YES;
				IPHONEOS_DEPLOYMENT_TARGET = 17.4;
				LOCALIZATION_PREFERS_STRING_CATALOGS = YES;
				MTL_ENABLE_DEBUG_INFO = NO;
				MTL_FAST_MATH = YES;
				SDKROOT = iphoneos;
				SWIFT_COMPILATION_MODE = wholemodule;
				VALIDATE_PRODUCT = YES;
			};
			name = Release;
		};
		81D9270B2BA0B9740083E648 /* Debug */ = {
			isa = XCBuildConfiguration;
			buildSettings = {
				ASSETCATALOG_COMPILER_APPICON_NAME = AppIcon;
				ASSETCATALOG_COMPILER_GLOBAL_ACCENT_COLOR_NAME = AccentColor;
				CODE_SIGN_STYLE = Automatic;
				CURRENT_PROJECT_VERSION = 1;
				DEVELOPMENT_ASSET_PATHS = "\"Capstone Project/Preview Content\"";
				DEVELOPMENT_TEAM = H7M7SRPDZY;
				ENABLE_PREVIEWS = YES;
				GENERATE_INFOPLIST_FILE = YES;
				INFOPLIST_KEY_CFBundleDisplayName = "TV Genie";
				INFOPLIST_KEY_NSCameraUsageDescription = "This app requires to usage of the camera.";
				INFOPLIST_KEY_UIApplicationSceneManifest_Generation = YES;
				INFOPLIST_KEY_UIApplicationSupportsIndirectInputEvents = YES;
				INFOPLIST_KEY_UILaunchScreen_Generation = YES;
				INFOPLIST_KEY_UISupportedInterfaceOrientations = UIInterfaceOrientationPortrait;
				IPHONEOS_DEPLOYMENT_TARGET = 16.0;
				LD_RUNPATH_SEARCH_PATHS = (
					"$(inherited)",
					"@executable_path/Frameworks",
				);
				MARKETING_VERSION = 1.0;
				PRODUCT_BUNDLE_IDENTIFIER = "com.bartugkaancelebi.Capstone-Project";
				PRODUCT_NAME = "$(TARGET_NAME)";
				SWIFT_EMIT_LOC_STRINGS = YES;
				SWIFT_VERSION = 5.0;
				TARGETED_DEVICE_FAMILY = "1,2";
			};
			name = Debug;
		};
		81D9270C2BA0B9740083E648 /* Release */ = {
			isa = XCBuildConfiguration;
			buildSettings = {
				ASSETCATALOG_COMPILER_APPICON_NAME = AppIcon;
				ASSETCATALOG_COMPILER_GLOBAL_ACCENT_COLOR_NAME = AccentColor;
				CODE_SIGN_STYLE = Automatic;
				CURRENT_PROJECT_VERSION = 1;
				DEVELOPMENT_ASSET_PATHS = "\"Capstone Project/Preview Content\"";
				DEVELOPMENT_TEAM = H7M7SRPDZY;
				ENABLE_PREVIEWS = YES;
				GENERATE_INFOPLIST_FILE = YES;
				INFOPLIST_KEY_CFBundleDisplayName = "TV Genie";
				INFOPLIST_KEY_NSCameraUsageDescription = "This app requires to usage of the camera.";
				INFOPLIST_KEY_UIApplicationSceneManifest_Generation = YES;
				INFOPLIST_KEY_UIApplicationSupportsIndirectInputEvents = YES;
				INFOPLIST_KEY_UILaunchScreen_Generation = YES;
				INFOPLIST_KEY_UISupportedInterfaceOrientations = UIInterfaceOrientationPortrait;
				IPHONEOS_DEPLOYMENT_TARGET = 16.0;
				LD_RUNPATH_SEARCH_PATHS = (
					"$(inherited)",
					"@executable_path/Frameworks",
				);
				MARKETING_VERSION = 1.0;
				PRODUCT_BUNDLE_IDENTIFIER = "com.bartugkaancelebi.Capstone-Project";
				PRODUCT_NAME = "$(TARGET_NAME)";
				SWIFT_EMIT_LOC_STRINGS = YES;
				SWIFT_VERSION = 5.0;
				TARGETED_DEVICE_FAMILY = "1,2";
			};
			name = Release;
		};
/* End XCBuildConfiguration section */

/* Begin XCConfigurationList section */
		81D926F72BA0B9730083E648 /* Build configuration list for PBXProject "Capstone Project" */ = {
			isa = XCConfigurationList;
			buildConfigurations = (
				81D927082BA0B9740083E648 /* Debug */,
				81D927092BA0B9740083E648 /* Release */,
			);
			defaultConfigurationIsVisible = 0;
			defaultConfigurationName = Release;
		};
		81D9270A2BA0B9740083E648 /* Build configuration list for PBXNativeTarget "Capstone Project" */ = {
			isa = XCConfigurationList;
			buildConfigurations = (
				81D9270B2BA0B9740083E648 /* Debug */,
				81D9270C2BA0B9740083E648 /* Release */,
			);
			defaultConfigurationIsVisible = 0;
			defaultConfigurationName = Release;
		};
/* End XCConfigurationList section */

/* Begin XCRemoteSwiftPackageReference section */
		812FAB062BA3347A00891699 /* XCRemoteSwiftPackageReference "spline-ios" */ = {
			isa = XCRemoteSwiftPackageReference;
			repositoryURL = "https://github.com/splinetool/spline-ios";
			requirement = {
				branch = main;
				kind = branch;
			};
		};
		81D9270F2BA0BBEB0083E648 /* XCRemoteSwiftPackageReference "firebase-ios-sdk" */ = {
			isa = XCRemoteSwiftPackageReference;
			repositoryURL = "https://github.com/firebase/firebase-ios-sdk";
			requirement = {
				kind = upToNextMajorVersion;
				minimumVersion = 10.22.1;
			};
		};
/* End XCRemoteSwiftPackageReference section */

/* Begin XCSwiftPackageProductDependency section */
		812FAB072BA3347A00891699 /* SplineRuntime */ = {
			isa = XCSwiftPackageProductDependency;
			package = 812FAB062BA3347A00891699 /* XCRemoteSwiftPackageReference "spline-ios" */;
			productName = SplineRuntime;
		};
		81D927102BA0BBEB0083E648 /* FirebaseAnalytics */ = {
			isa = XCSwiftPackageProductDependency;
			package = 81D9270F2BA0BBEB0083E648 /* XCRemoteSwiftPackageReference "firebase-ios-sdk" */;
			productName = FirebaseAnalytics;
		};
		81D927122BA0BBEB0083E648 /* FirebaseAnalyticsOnDeviceConversion */ = {
			isa = XCSwiftPackageProductDependency;
			package = 81D9270F2BA0BBEB0083E648 /* XCRemoteSwiftPackageReference "firebase-ios-sdk" */;
			productName = FirebaseAnalyticsOnDeviceConversion;
		};
		81D927142BA0BBEB0083E648 /* FirebaseAnalyticsSwift */ = {
			isa = XCSwiftPackageProductDependency;
			package = 81D9270F2BA0BBEB0083E648 /* XCRemoteSwiftPackageReference "firebase-ios-sdk" */;
			productName = FirebaseAnalyticsSwift;
		};
		81D927162BA0BBEB0083E648 /* FirebaseAppCheck */ = {
			isa = XCSwiftPackageProductDependency;
			package = 81D9270F2BA0BBEB0083E648 /* XCRemoteSwiftPackageReference "firebase-ios-sdk" */;
			productName = FirebaseAppCheck;
		};
		81D927182BA0BBEB0083E648 /* FirebaseAuth */ = {
			isa = XCSwiftPackageProductDependency;
			package = 81D9270F2BA0BBEB0083E648 /* XCRemoteSwiftPackageReference "firebase-ios-sdk" */;
			productName = FirebaseAuth;
		};
		81D9271A2BA0BBEB0083E648 /* FirebaseAuthCombine-Community */ = {
			isa = XCSwiftPackageProductDependency;
			package = 81D9270F2BA0BBEB0083E648 /* XCRemoteSwiftPackageReference "firebase-ios-sdk" */;
			productName = "FirebaseAuthCombine-Community";
		};
		81D9271C2BA0BBEB0083E648 /* FirebaseDatabase */ = {
			isa = XCSwiftPackageProductDependency;
			package = 81D9270F2BA0BBEB0083E648 /* XCRemoteSwiftPackageReference "firebase-ios-sdk" */;
			productName = FirebaseDatabase;
		};
		81D9271E2BA0BBEB0083E648 /* FirebaseDatabaseSwift */ = {
			isa = XCSwiftPackageProductDependency;
			package = 81D9270F2BA0BBEB0083E648 /* XCRemoteSwiftPackageReference "firebase-ios-sdk" */;
			productName = FirebaseDatabaseSwift;
		};
		81D927202BA0BBEB0083E648 /* FirebaseDynamicLinks */ = {
			isa = XCSwiftPackageProductDependency;
			package = 81D9270F2BA0BBEB0083E648 /* XCRemoteSwiftPackageReference "firebase-ios-sdk" */;
			productName = FirebaseDynamicLinks;
		};
		81D927222BA0BBEB0083E648 /* FirebaseFirestore */ = {
			isa = XCSwiftPackageProductDependency;
			package = 81D9270F2BA0BBEB0083E648 /* XCRemoteSwiftPackageReference "firebase-ios-sdk" */;
			productName = FirebaseFirestore;
		};
		81D927242BA0BBEB0083E648 /* FirebaseFirestoreCombine-Community */ = {
			isa = XCSwiftPackageProductDependency;
			package = 81D9270F2BA0BBEB0083E648 /* XCRemoteSwiftPackageReference "firebase-ios-sdk" */;
			productName = "FirebaseFirestoreCombine-Community";
		};
		81D927262BA0BBEB0083E648 /* FirebaseFirestoreSwift */ = {
			isa = XCSwiftPackageProductDependency;
			package = 81D9270F2BA0BBEB0083E648 /* XCRemoteSwiftPackageReference "firebase-ios-sdk" */;
			productName = FirebaseFirestoreSwift;
		};
		81D927282BA0BBEB0083E648 /* FirebaseFunctions */ = {
			isa = XCSwiftPackageProductDependency;
			package = 81D9270F2BA0BBEB0083E648 /* XCRemoteSwiftPackageReference "firebase-ios-sdk" */;
			productName = FirebaseFunctions;
		};
		81D9272A2BA0BBEB0083E648 /* FirebaseInstallations */ = {
			isa = XCSwiftPackageProductDependency;
			package = 81D9270F2BA0BBEB0083E648 /* XCRemoteSwiftPackageReference "firebase-ios-sdk" */;
			productName = FirebaseInstallations;
		};
		81D9272C2BA0BBEB0083E648 /* FirebasePerformance */ = {
			isa = XCSwiftPackageProductDependency;
			package = 81D9270F2BA0BBEB0083E648 /* XCRemoteSwiftPackageReference "firebase-ios-sdk" */;
			productName = FirebasePerformance;
		};
		81D9272E2BA0BBEB0083E648 /* FirebaseStorage */ = {
			isa = XCSwiftPackageProductDependency;
			package = 81D9270F2BA0BBEB0083E648 /* XCRemoteSwiftPackageReference "firebase-ios-sdk" */;
			productName = FirebaseStorage;
		};
		81D927302BA0BBEB0083E648 /* FirebaseStorageCombine-Community */ = {
			isa = XCSwiftPackageProductDependency;
			package = 81D9270F2BA0BBEB0083E648 /* XCRemoteSwiftPackageReference "firebase-ios-sdk" */;
			productName = "FirebaseStorageCombine-Community";
		};
/* End XCSwiftPackageProductDependency section */
	};
	rootObject = 81D926F42BA0B9730083E648 /* Project object */;
}
